
Microsoft Visual Studio Solution File, Format Version 12.00
# Visual Studio 15
VisualStudioVersion = 15.0.28307.136
MinimumVisualStudioVersion = 10.0.40219.1
Project("{8BC9CEB8-8B4A-11D0-8D11-00A0C91BC942}") = "Algoritmiek", "Algoritmiek\Algoritmiek.vcxproj", "{8B90AE1F-A86C-4B5A-9F3A-FB0346FBDF3C}"
EndProject
Global
	GlobalSection(SolutionConfigurationPlatforms) = preSolution
		Debug|x64 = Debug|x64
		Debug|x86 = Debug|x86
		Release|x64 = Release|x64
		Release|x86 = Release|x86
	EndGlobalSection
	GlobalSection(ProjectConfigurationPlatforms) = postSolution
		{8B90AE1F-A86C-4B5A-9F3A-FB0346FBDF3C}.Debug|x64.ActiveCfg = Debug|x64
		{8B90AE1F-A86C-4B5A-9F3A-FB0346FBDF3C}.Debug|x64.Build.0 = Debug|x64
		{8B90AE1F-A86C-4B5A-9F3A-FB0346FBDF3C}.Debug|x86.ActiveCfg = Debug|Win32
		{8B90AE1F-A86C-4B5A-9F3A-FB0346FBDF3C}.Debug|x86.Build.0 = Debug|Win32
		{8B90AE1F-A86C-4B5A-9F3A-FB0346FBDF3C}.Release|x64.ActiveCfg = Release|x64
		{8B90AE1F-A86C-4B5A-9F3A-FB0346FBDF3C}.Release|x64.Build.0 = Release|x64
		{8B90AE1F-A86C-4B5A-9F3A-FB0346FBDF3C}.Release|x86.ActiveCfg = Release|Win32
		{8B90AE1F-A86C-4B5A-9F3A-FB0346FBDF3C}.Release|x86.Build.0 = Release|Win32
	EndGlobalSection
	GlobalSection(SolutionProperties) = preSolution
		HideSolutionNode = FALSE
	EndGlobalSection
	GlobalSection(ExtensibilityGlobals) = postSolution
		SolutionGuid = {928945AA-1DDF-4352-A803-31808B95C911}
	EndGlobalSection
EndGlobal
